{
  "name": "portfolio-site",
  "version": "1.0.0",
  "lockfileVersion": 3,
  "requires": true,
  "packages": {
    "": {
      "name": "portfolio-site",
      "version": "1.0.0",
      "license": "ISC",
      "dependencies": {
        "framer-motion": "^11.13.5"
      }
    },
    "node_modules/framer-motion": {
      "version": "11.13.5",
      "resolved": "https://registry.npmjs.org/framer-motion/-/framer-motion-11.13.5.tgz",
      "integrity": "sha512-rArI0zPU9VkpS3Wt0J7dmRxAFUWtzPWoSofNQAP0UO276CmJ+Xlf5xN19GMw3w2QsdrS2sU+0+Q2vtuz4IEZaw==",
      "license": "MIT",
      "dependencies": {
        "motion-dom": "^11.13.0",
        "motion-utils": "^11.13.0",
        "tslib": "^2.4.0"
      },
      "peerDependencies": {
        "@emotion/is-prop-valid": "*",
        "react": "^18.0.0 || ^19.0.0",
        "react-dom": "^18.0.0 || ^19.0.0"
      },
      "peerDependenciesMeta": {
        "@emotion/is-prop-valid": {
          "optional": true
        },
        "react": {
          "optional": true
        },
        "react-dom": {
          "optional": true
        }
      }
    },
    "node_modules/motion-dom": {
      "version": "11.13.0",
      "resolved": "https://registry.npmjs.org/motion-dom/-/motion-dom-11.13.0.tgz",
      "integrity": "sha512-Oc1MLGJQ6nrvXccXA89lXtOqFyBmvHtaDcTRGT66o8Czl7nuA8BeHAd9MQV1pQKX0d2RHFBFaw5g3k23hQJt0w=="
    },
    "node_modules/motion-utils": {
      "version": "11.13.0",
      "resolved": "https://registry.npmjs.org/motion-utils/-/motion-utils-11.13.0.tgz",
      "integrity": "sha512-lq6TzXkH5c/ysJQBxgLXgM01qwBH1b4goTPh57VvZWJbVJZF/0SB31UWEn4EIqbVPf3au88n2rvK17SpDTja1A=="
    },
    "node_modules/tslib": {
      "version": "2.8.1",
      "resolved": "https://registry.npmjs.org/tslib/-/tslib-2.8.1.tgz",
      "integrity": "sha512-oJFu94HQb+KVduSUQL7wnpmqnfmLsOA/nAh6b6EH0wCEoK0/mPeXU6c3wKDV83MkOuHPRHtSXKKU99IBazS/2w==",
      "license": "0BSD"
    }
  }
}
